
Microsoft Visual Studio Solution File, Format Version 12.00
# Visual Studio 15
VisualStudioVersion = 15.0.27703.2000
MinimumVisualStudioVersion = 10.0.40219.1
Project("{2150E333-8FDC-42A3-9474-1A3956D46DE8}") = "src", "src", "{D74635EF-B154-4DD5-93F2-9469D12B11C6}"
EndProject
Project("{2150E333-8FDC-42A3-9474-1A3956D46DE8}") = "test", "test", "{A650A254-7810-4E93-8C3C-FDE8FE2B7F61}"
EndProject
Project("{2150E333-8FDC-42A3-9474-1A3956D46DE8}") = "doc", "doc", "{ED9E76B8-E67C-4D5F-AE86-B0823A7D3BE4}"
EndProject
Project("{9A19103F-16F7-4668-BE54-9A1E7A4F7556}") = "Kodkod.Core", "src\Kodkod.Core\Kodkod.Core.csproj", "{4545FD72-C2AE-4555-9A8E-57D9AF789FFE}"
EndProject
Project("{9A19103F-16F7-4668-BE54-9A1E7A4F7556}") = "Kodkod.Application.Tests", "test\Kodkod.Application.Tests\Kodkod.Application.Tests.csproj", "{ED653F49-4397-4E4B-878A-CA314E501DAE}"
EndProject
Project("{9A19103F-16F7-4668-BE54-9A1E7A4F7556}") = "Kodkod.Application", "src\Kodkod.Application\Kodkod.Application.csproj", "{E55AD8C6-B14A-44D3-9362-2496472476D5}"
EndProject
Project("{9A19103F-16F7-4668-BE54-9A1E7A4F7556}") = "Kodkod.EntityFramework", "src\Kodkod.EntityFramework\Kodkod.EntityFramework.csproj", "{E66FCE3D-17F6-4312-96ED-8FE6993464F7}"
EndProject
Project("{9A19103F-16F7-4668-BE54-9A1E7A4F7556}") = "Kodkod.Web.Api", "src\Kodkod.Web.Api\Kodkod.Web.Api.csproj", "{8141B8F8-80ED-47EA-9020-C8A8197396D9}"
EndProject
Project("{9A19103F-16F7-4668-BE54-9A1E7A4F7556}") = "Kodkod.Web.Api.Tests", "test\Kodkod.Web.Api.Tests\Kodkod.Web.Api.Tests.csproj", "{081837C0-39E1-43C2-8FDC-3BD017A6FB04}"
EndProject
Project("{9A19103F-16F7-4668-BE54-9A1E7A4F7556}") = "Kodkod.EntityFramework.Tests", "test\Kodkod.EntityFramework.Tests\Kodkod.EntityFramework.Tests.csproj", "{7880DFC5-7949-4CD2-9888-04E74894D17F}"
EndProject
Project("{9A19103F-16F7-4668-BE54-9A1E7A4F7556}") = "Kodkod.Tests.Shared", "test\Kodkod.Tests.Shared\Kodkod.Tests.Shared.csproj", "{C55334BB-BED0-4C1E-A1FA-E73AB0EA8D8A}"
EndProject
Project("{9A19103F-16F7-4668-BE54-9A1E7A4F7556}") = "Kodkod.Web.Core", "src\Kodkod.Web.Core\Kodkod.Web.Core.csproj", "{7F8BB2A0-D24D-4565-9A62-885AA5F98914}"
EndProject
Project("{9A19103F-16F7-4668-BE54-9A1E7A4F7556}") = "Kodkod.Utilities", "src\Kodkod.Utilities\Kodkod.Utilities.csproj", "{5CDFAEB1-F41C-485B-9100-6E3FC0B969A9}"
EndProject
Project("{9A19103F-16F7-4668-BE54-9A1E7A4F7556}") = "Kodkod.Utilities.Tests", "test\Kodkod.Utilities.Tests\Kodkod.Utilities.Tests.csproj", "{8C819B72-72C2-4F48-B3DF-069AADBCAA1A}"
EndProject
Project("{9A19103F-16F7-4668-BE54-9A1E7A4F7556}") = "Kodkod.Web.Vue", "src\Kodkod.Web.Vue\Kodkod.Web.Vue.csproj", "{A6DC30C0-BF25-4E3C-A3BF-189FF927BA1B}"
EndProject
Global
	GlobalSection(SolutionConfigurationPlatforms) = preSolution
		Debug|Any CPU = Debug|Any CPU
		Release|Any CPU = Release|Any CPU
	EndGlobalSection
	GlobalSection(ProjectConfigurationPlatforms) = postSolution
		{4545FD72-C2AE-4555-9A8E-57D9AF789FFE}.Debug|Any CPU.ActiveCfg = Debug|Any CPU
		{4545FD72-C2AE-4555-9A8E-57D9AF789FFE}.Debug|Any CPU.Build.0 = Debug|Any CPU
		{4545FD72-C2AE-4555-9A8E-57D9AF789FFE}.Release|Any CPU.ActiveCfg = Release|Any CPU
		{4545FD72-C2AE-4555-9A8E-57D9AF789FFE}.Release|Any CPU.Build.0 = Release|Any CPU
		{ED653F49-4397-4E4B-878A-CA314E501DAE}.Debug|Any CPU.ActiveCfg = Debug|Any CPU
		{ED653F49-4397-4E4B-878A-CA314E501DAE}.Debug|Any CPU.Build.0 = Debug|Any CPU
		{ED653F49-4397-4E4B-878A-CA314E501DAE}.Release|Any CPU.ActiveCfg = Release|Any CPU
		{ED653F49-4397-4E4B-878A-CA314E501DAE}.Release|Any CPU.Build.0 = Release|Any CPU
		{E55AD8C6-B14A-44D3-9362-2496472476D5}.Debug|Any CPU.ActiveCfg = Debug|Any CPU
		{E55AD8C6-B14A-44D3-9362-2496472476D5}.Debug|Any CPU.Build.0 = Debug|Any CPU
		{E55AD8C6-B14A-44D3-9362-2496472476D5}.Release|Any CPU.ActiveCfg = Release|Any CPU
		{E55AD8C6-B14A-44D3-9362-2496472476D5}.Release|Any CPU.Build.0 = Release|Any CPU
		{E66FCE3D-17F6-4312-96ED-8FE6993464F7}.Debug|Any CPU.ActiveCfg = Debug|Any CPU
		{E66FCE3D-17F6-4312-96ED-8FE6993464F7}.Debug|Any CPU.Build.0 = Debug|Any CPU
		{E66FCE3D-17F6-4312-96ED-8FE6993464F7}.Release|Any CPU.ActiveCfg = Release|Any CPU
		{E66FCE3D-17F6-4312-96ED-8FE6993464F7}.Release|Any CPU.Build.0 = Release|Any CPU
		{8141B8F8-80ED-47EA-9020-C8A8197396D9}.Debug|Any CPU.ActiveCfg = Debug|Any CPU
		{8141B8F8-80ED-47EA-9020-C8A8197396D9}.Debug|Any CPU.Build.0 = Debug|Any CPU
		{8141B8F8-80ED-47EA-9020-C8A8197396D9}.Release|Any CPU.ActiveCfg = Release|Any CPU
		{8141B8F8-80ED-47EA-9020-C8A8197396D9}.Release|Any CPU.Build.0 = Release|Any CPU
		{081837C0-39E1-43C2-8FDC-3BD017A6FB04}.Debug|Any CPU.ActiveCfg = Debug|Any CPU
		{081837C0-39E1-43C2-8FDC-3BD017A6FB04}.Debug|Any CPU.Build.0 = Debug|Any CPU
		{081837C0-39E1-43C2-8FDC-3BD017A6FB04}.Release|Any CPU.ActiveCfg = Release|Any CPU
		{081837C0-39E1-43C2-8FDC-3BD017A6FB04}.Release|Any CPU.Build.0 = Release|Any CPU
		{7880DFC5-7949-4CD2-9888-04E74894D17F}.Debug|Any CPU.ActiveCfg = Debug|Any CPU
		{7880DFC5-7949-4CD2-9888-04E74894D17F}.Debug|Any CPU.Build.0 = Debug|Any CPU
		{7880DFC5-7949-4CD2-9888-04E74894D17F}.Release|Any CPU.ActiveCfg = Release|Any CPU
		{7880DFC5-7949-4CD2-9888-04E74894D17F}.Release|Any CPU.Build.0 = Release|Any CPU
		{C55334BB-BED0-4C1E-A1FA-E73AB0EA8D8A}.Debug|Any CPU.ActiveCfg = Debug|Any CPU
		{C55334BB-BED0-4C1E-A1FA-E73AB0EA8D8A}.Debug|Any CPU.Build.0 = Debug|Any CPU
		{C55334BB-BED0-4C1E-A1FA-E73AB0EA8D8A}.Release|Any CPU.ActiveCfg = Release|Any CPU
		{C55334BB-BED0-4C1E-A1FA-E73AB0EA8D8A}.Release|Any CPU.Build.0 = Release|Any CPU
		{7F8BB2A0-D24D-4565-9A62-885AA5F98914}.Debug|Any CPU.ActiveCfg = Debug|Any CPU
		{7F8BB2A0-D24D-4565-9A62-885AA5F98914}.Debug|Any CPU.Build.0 = Debug|Any CPU
		{7F8BB2A0-D24D-4565-9A62-885AA5F98914}.Release|Any CPU.ActiveCfg = Release|Any CPU
		{7F8BB2A0-D24D-4565-9A62-885AA5F98914}.Release|Any CPU.Build.0 = Release|Any CPU
		{5CDFAEB1-F41C-485B-9100-6E3FC0B969A9}.Debug|Any CPU.ActiveCfg = Debug|Any CPU
		{5CDFAEB1-F41C-485B-9100-6E3FC0B969A9}.Debug|Any CPU.Build.0 = Debug|Any CPU
		{5CDFAEB1-F41C-485B-9100-6E3FC0B969A9}.Release|Any CPU.ActiveCfg = Release|Any CPU
		{5CDFAEB1-F41C-485B-9100-6E3FC0B969A9}.Release|Any CPU.Build.0 = Release|Any CPU
		{8C819B72-72C2-4F48-B3DF-069AADBCAA1A}.Debug|Any CPU.ActiveCfg = Debug|Any CPU
		{8C819B72-72C2-4F48-B3DF-069AADBCAA1A}.Debug|Any CPU.Build.0 = Debug|Any CPU
		{8C819B72-72C2-4F48-B3DF-069AADBCAA1A}.Release|Any CPU.ActiveCfg = Release|Any CPU
		{8C819B72-72C2-4F48-B3DF-069AADBCAA1A}.Release|Any CPU.Build.0 = Release|Any CPU
		{A6DC30C0-BF25-4E3C-A3BF-189FF927BA1B}.Debug|Any CPU.ActiveCfg = Debug|Any CPU
		{A6DC30C0-BF25-4E3C-A3BF-189FF927BA1B}.Debug|Any CPU.Build.0 = Debug|Any CPU
		{A6DC30C0-BF25-4E3C-A3BF-189FF927BA1B}.Release|Any CPU.ActiveCfg = Release|Any CPU
		{A6DC30C0-BF25-4E3C-A3BF-189FF927BA1B}.Release|Any CPU.Build.0 = Release|Any CPU
	EndGlobalSection
	GlobalSection(SolutionProperties) = preSolution
		HideSolutionNode = FALSE
	EndGlobalSection
	GlobalSection(NestedProjects) = preSolution
		{4545FD72-C2AE-4555-9A8E-57D9AF789FFE} = {D74635EF-B154-4DD5-93F2-9469D12B11C6}
		{ED653F49-4397-4E4B-878A-CA314E501DAE} = {A650A254-7810-4E93-8C3C-FDE8FE2B7F61}
		{E55AD8C6-B14A-44D3-9362-2496472476D5} = {D74635EF-B154-4DD5-93F2-9469D12B11C6}
		{E66FCE3D-17F6-4312-96ED-8FE6993464F7} = {D74635EF-B154-4DD5-93F2-9469D12B11C6}
		{8141B8F8-80ED-47EA-9020-C8A8197396D9} = {D74635EF-B154-4DD5-93F2-9469D12B11C6}
		{081837C0-39E1-43C2-8FDC-3BD017A6FB04} = {A650A254-7810-4E93-8C3C-FDE8FE2B7F61}
		{7880DFC5-7949-4CD2-9888-04E74894D17F} = {A650A254-7810-4E93-8C3C-FDE8FE2B7F61}
		{C55334BB-BED0-4C1E-A1FA-E73AB0EA8D8A} = {A650A254-7810-4E93-8C3C-FDE8FE2B7F61}
		{7F8BB2A0-D24D-4565-9A62-885AA5F98914} = {D74635EF-B154-4DD5-93F2-9469D12B11C6}
		{5CDFAEB1-F41C-485B-9100-6E3FC0B969A9} = {D74635EF-B154-4DD5-93F2-9469D12B11C6}
		{8C819B72-72C2-4F48-B3DF-069AADBCAA1A} = {A650A254-7810-4E93-8C3C-FDE8FE2B7F61}
		{A6DC30C0-BF25-4E3C-A3BF-189FF927BA1B} = {D74635EF-B154-4DD5-93F2-9469D12B11C6}
	EndGlobalSection
	GlobalSection(ExtensibilityGlobals) = postSolution
		SolutionGuid = {ED5D8E46-A175-454F-9BB3-1429C9844F75}
	EndGlobalSection
EndGlobal
